
Microsoft Visual Studio Solution File, Format Version 12.00
# Visual Studio Version 17
VisualStudioVersion = 17.10.34928.147
MinimumVisualStudioVersion = 10.0.40219.1
Project("{2150E333-8FDC-42A3-9474-1A3956D46DE8}") = "Microservices", "Microservices", "{30DDE316-598A-41B4-A805-C66DDEADCB7B}"
EndProject
Project("{2150E333-8FDC-42A3-9474-1A3956D46DE8}") = "Domain", "Domain", "{9539923A-50F0-4F96-B1D5-E97C8DE713A4}"
EndProject
Project("{2150E333-8FDC-42A3-9474-1A3956D46DE8}") = "Infra.Bus", "Infra.Bus", "{E7A56735-0884-408F-A04B-FE6D6843ADAF}"
EndProject
Project("{2150E333-8FDC-42A3-9474-1A3956D46DE8}") = "Infra.IoC", "Infra.IoC", "{D78FB584-A595-408E-95A2-373A4C3BF291}"
EndProject
Project("{2150E333-8FDC-42A3-9474-1A3956D46DE8}") = "Presentation", "Presentation", "{DAF94C9C-A3D5-4EEA-800C-6A676A106DA6}"
EndProject
Project("{9A19103F-16F7-4668-BE54-9A1E7A4F7556}") = "MicroRabbit.Domain.Core", "MicroRabbit.Domain.Core\MicroRabbit.Domain.Core.csproj", "{C7D174A1-7630-43D2-B0C1-250E296A18D2}"
EndProject
Project("{9A19103F-16F7-4668-BE54-9A1E7A4F7556}") = "MicroRabbit.Infra.Bus", "MicroRabbit.Infra.Bus\MicroRabbit.Infra.Bus.csproj", "{E40A9E18-35E5-4144-8399-5A9568D9A684}"
EndProject
Project("{9A19103F-16F7-4668-BE54-9A1E7A4F7556}") = "MicroRabbit.Infra.IoC", "MicroRabbit.Infra.IoC\MicroRabbit.Infra.IoC.csproj", "{0220EA25-8181-4532-9114-4B922A1DA18E}"
EndProject
Project("{2150E333-8FDC-42A3-9474-1A3956D46DE8}") = "Banking", "Banking", "{AB4D5906-A37B-4E0E-BF23-2E4B1BF496C2}"
EndProject
Project("{2150E333-8FDC-42A3-9474-1A3956D46DE8}") = "Api", "Api", "{9A8DAFA0-9D11-4756-82FF-1E3599F6463E}"
EndProject
Project("{2150E333-8FDC-42A3-9474-1A3956D46DE8}") = "Application", "Application", "{3B31CC0A-61FD-47CD-A865-27EECF77E4FB}"
EndProject
Project("{2150E333-8FDC-42A3-9474-1A3956D46DE8}") = "Data", "Data", "{FB5CDE8D-1427-4A2B-AD94-9087F508A188}"
EndProject
Project("{2150E333-8FDC-42A3-9474-1A3956D46DE8}") = "Domain", "Domain", "{AB91D008-FEDC-483A-BF83-C254FCAB89DD}"
EndProject
Project("{9A19103F-16F7-4668-BE54-9A1E7A4F7556}") = "MicroRabbit.Banking.Api", "MicroRabbit.Banking.Api\MicroRabbit.Banking.Api.csproj", "{2F472AE8-EFD2-4969-BA5A-0A44A32E8C47}"
EndProject
Project("{9A19103F-16F7-4668-BE54-9A1E7A4F7556}") = "MicroRabbit.Banking.Application", "MicroRabbit.Banking.Application\MicroRabbit.Banking.Application.csproj", "{E095EC81-17D6-48DA-B58C-36088EDDF3F5}"
EndProject
Project("{9A19103F-16F7-4668-BE54-9A1E7A4F7556}") = "MicroRabbit.Banking.Data", "MicroRabbit.Banking.Data\MicroRabbit.Banking.Data.csproj", "{72EBEE6A-777D-44A4-B0B6-0E321439B240}"
EndProject
Project("{9A19103F-16F7-4668-BE54-9A1E7A4F7556}") = "Microrabbit.Banking.Domain", "Microrabbit.Banking.Domain\Microrabbit.Banking.Domain.csproj", "{59D08D9C-9E40-4AC1-B0FD-939D221FDEC1}"
EndProject
Project("{E53339B2-1760-4266-BCC7-CA923CBCF16C}") = "docker-compose", "docker-compose.dcproj", "{87CE3EBE-0A92-4B8C-B4EB-0D8684D998A7}"
EndProject
Global
	GlobalSection(SolutionConfigurationPlatforms) = preSolution
		Debug|Any CPU = Debug|Any CPU
		Release|Any CPU = Release|Any CPU
	EndGlobalSection
	GlobalSection(ProjectConfigurationPlatforms) = postSolution
		{C7D174A1-7630-43D2-B0C1-250E296A18D2}.Debug|Any CPU.ActiveCfg = Debug|Any CPU
		{C7D174A1-7630-43D2-B0C1-250E296A18D2}.Debug|Any CPU.Build.0 = Debug|Any CPU
		{C7D174A1-7630-43D2-B0C1-250E296A18D2}.Release|Any CPU.ActiveCfg = Release|Any CPU
		{C7D174A1-7630-43D2-B0C1-250E296A18D2}.Release|Any CPU.Build.0 = Release|Any CPU
		{E40A9E18-35E5-4144-8399-5A9568D9A684}.Debug|Any CPU.ActiveCfg = Debug|Any CPU
		{E40A9E18-35E5-4144-8399-5A9568D9A684}.Debug|Any CPU.Build.0 = Debug|Any CPU
		{E40A9E18-35E5-4144-8399-5A9568D9A684}.Release|Any CPU.ActiveCfg = Release|Any CPU
		{E40A9E18-35E5-4144-8399-5A9568D9A684}.Release|Any CPU.Build.0 = Release|Any CPU
		{0220EA25-8181-4532-9114-4B922A1DA18E}.Debug|Any CPU.ActiveCfg = Debug|Any CPU
		{0220EA25-8181-4532-9114-4B922A1DA18E}.Debug|Any CPU.Build.0 = Debug|Any CPU
		{0220EA25-8181-4532-9114-4B922A1DA18E}.Release|Any CPU.ActiveCfg = Release|Any CPU
		{0220EA25-8181-4532-9114-4B922A1DA18E}.Release|Any CPU.Build.0 = Release|Any CPU
		{2F472AE8-EFD2-4969-BA5A-0A44A32E8C47}.Debug|Any CPU.ActiveCfg = Debug|Any CPU
		{2F472AE8-EFD2-4969-BA5A-0A44A32E8C47}.Debug|Any CPU.Build.0 = Debug|Any CPU
		{2F472AE8-EFD2-4969-BA5A-0A44A32E8C47}.Release|Any CPU.ActiveCfg = Release|Any CPU
		{2F472AE8-EFD2-4969-BA5A-0A44A32E8C47}.Release|Any CPU.Build.0 = Release|Any CPU
		{E095EC81-17D6-48DA-B58C-36088EDDF3F5}.Debug|Any CPU.ActiveCfg = Debug|Any CPU
		{E095EC81-17D6-48DA-B58C-36088EDDF3F5}.Debug|Any CPU.Build.0 = Debug|Any CPU
		{E095EC81-17D6-48DA-B58C-36088EDDF3F5}.Release|Any CPU.ActiveCfg = Release|Any CPU
		{E095EC81-17D6-48DA-B58C-36088EDDF3F5}.Release|Any CPU.Build.0 = Release|Any CPU
		{72EBEE6A-777D-44A4-B0B6-0E321439B240}.Debug|Any CPU.ActiveCfg = Debug|Any CPU
		{72EBEE6A-777D-44A4-B0B6-0E321439B240}.Debug|Any CPU.Build.0 = Debug|Any CPU
		{72EBEE6A-777D-44A4-B0B6-0E321439B240}.Release|Any CPU.ActiveCfg = Release|Any CPU
		{72EBEE6A-777D-44A4-B0B6-0E321439B240}.Release|Any CPU.Build.0 = Release|Any CPU
		{59D08D9C-9E40-4AC1-B0FD-939D221FDEC1}.Debug|Any CPU.ActiveCfg = Debug|Any CPU
		{59D08D9C-9E40-4AC1-B0FD-939D221FDEC1}.Debug|Any CPU.Build.0 = Debug|Any CPU
		{59D08D9C-9E40-4AC1-B0FD-939D221FDEC1}.Release|Any CPU.ActiveCfg = Release|Any CPU
		{59D08D9C-9E40-4AC1-B0FD-939D221FDEC1}.Release|Any CPU.Build.0 = Release|Any CPU
		{87CE3EBE-0A92-4B8C-B4EB-0D8684D998A7}.Debug|Any CPU.ActiveCfg = Debug|Any CPU
		{87CE3EBE-0A92-4B8C-B4EB-0D8684D998A7}.Debug|Any CPU.Build.0 = Debug|Any CPU
		{87CE3EBE-0A92-4B8C-B4EB-0D8684D998A7}.Release|Any CPU.ActiveCfg = Release|Any CPU
		{87CE3EBE-0A92-4B8C-B4EB-0D8684D998A7}.Release|Any CPU.Build.0 = Release|Any CPU
	EndGlobalSection
	GlobalSection(SolutionProperties) = preSolution
		HideSolutionNode = FALSE
	EndGlobalSection
	GlobalSection(NestedProjects) = preSolution
		{C7D174A1-7630-43D2-B0C1-250E296A18D2} = {9539923A-50F0-4F96-B1D5-E97C8DE713A4}
		{E40A9E18-35E5-4144-8399-5A9568D9A684} = {E7A56735-0884-408F-A04B-FE6D6843ADAF}
		{0220EA25-8181-4532-9114-4B922A1DA18E} = {D78FB584-A595-408E-95A2-373A4C3BF291}
		{AB4D5906-A37B-4E0E-BF23-2E4B1BF496C2} = {30DDE316-598A-41B4-A805-C66DDEADCB7B}
		{9A8DAFA0-9D11-4756-82FF-1E3599F6463E} = {AB4D5906-A37B-4E0E-BF23-2E4B1BF496C2}
		{3B31CC0A-61FD-47CD-A865-27EECF77E4FB} = {AB4D5906-A37B-4E0E-BF23-2E4B1BF496C2}
		{FB5CDE8D-1427-4A2B-AD94-9087F508A188} = {AB4D5906-A37B-4E0E-BF23-2E4B1BF496C2}
		{AB91D008-FEDC-483A-BF83-C254FCAB89DD} = {AB4D5906-A37B-4E0E-BF23-2E4B1BF496C2}
		{2F472AE8-EFD2-4969-BA5A-0A44A32E8C47} = {9A8DAFA0-9D11-4756-82FF-1E3599F6463E}
		{E095EC81-17D6-48DA-B58C-36088EDDF3F5} = {3B31CC0A-61FD-47CD-A865-27EECF77E4FB}
		{72EBEE6A-777D-44A4-B0B6-0E321439B240} = {FB5CDE8D-1427-4A2B-AD94-9087F508A188}
		{59D08D9C-9E40-4AC1-B0FD-939D221FDEC1} = {AB91D008-FEDC-483A-BF83-C254FCAB89DD}
	EndGlobalSection
	GlobalSection(ExtensibilityGlobals) = postSolution
		SolutionGuid = {793522EE-534D-4C63-ADCB-BA33C947F82D}
	EndGlobalSection
EndGlobal
